{
  "name": "portfinder",
  "version": "1.0.0",
  "lockfileVersion": 1,
  "requires": true,
  "dependencies": {
    "benchmark": {
      "version": "2.1.4",
      "resolved": "https://registry.npm.taobao.org/benchmark/download/benchmark-2.1.4.tgz",
      "integrity": "sha1-CfPeMckWQl1JjMLuVloOvzwqVik=",
      "requires": {
        "lodash": "^4.17.4",
        "platform": "^1.3.3"
      }
    },
    "lodash": {
      "version": "4.17.15",
      "resolved": "https://registry.npm.taobao.org/lodash/download/lodash-4.17.15.tgz",
      "integrity": "sha1-tEf2ZwoEVbv+7dETku/zMOoJdUg="
    },
    "platform": {
      "version": "1.3.5",
      "resolved": "https://registry.npm.taobao.org/platform/download/platform-1.3.5.tgz",
      "integrity": "sha1-+2lYxpbgfikY0u7aDwvJRI1zNEQ="
    }
  }
}
